
Microsoft Visual Studio Solution File, Format Version 12.00
# Visual Studio 15
VisualStudioVersion = 15.0.27130.2036
MinimumVisualStudioVersion = 10.0.40219.1
Project("{FAE04EC0-301F-11D3-BF4B-00C04F79EFBC}") = "FrameWork", "FrameWork\FrameWork.csproj", "{186E8352-1E23-4700-9D36-848B80209F6B}"
	ProjectSection(ProjectDependencies) = postProject
		{F29E272D-FF6F-4506-897B-6EF4C5DFC106} = {F29E272D-FF6F-4506-897B-6EF4C5DFC106}
		{3803485B-E9C3-48FC-B081-9408AA2EA858} = {3803485B-E9C3-48FC-B081-9408AA2EA858}
		{85EAE99C-1ED3-4A6D-878A-633F3AE30523} = {85EAE99C-1ED3-4A6D-878A-633F3AE30523}
		{10FDD8D5-489C-4BA4-8029-016772F68D0F} = {10FDD8D5-489C-4BA4-8029-016772F68D0F}
		{A3E74CEE-EBBD-430B-AB36-7C16756071B0} = {A3E74CEE-EBBD-430B-AB36-7C16756071B0}
	EndProjectSection
EndProject
Project("{FAE04EC0-301F-11D3-BF4B-00C04F79EFBC}") = "Interface", "Interface\Interface.csproj", "{10FDD8D5-489C-4BA4-8029-016772F68D0F}"
EndProject
Project("{FAE04EC0-301F-11D3-BF4B-00C04F79EFBC}") = "Crypto", "Crypto\Crypto.csproj", "{85EAE99C-1ED3-4A6D-878A-633F3AE30523}"
	ProjectSection(ProjectDependencies) = postProject
		{10FDD8D5-489C-4BA4-8029-016772F68D0F} = {10FDD8D5-489C-4BA4-8029-016772F68D0F}
	EndProjectSection
EndProject
Project("{FAE04EC0-301F-11D3-BF4B-00C04F79EFBC}") = "TestPlugin", "TestPlugin\TestPlugin.csproj", "{F29E272D-FF6F-4506-897B-6EF4C5DFC106}"
	ProjectSection(ProjectDependencies) = postProject
		{10FDD8D5-489C-4BA4-8029-016772F68D0F} = {10FDD8D5-489C-4BA4-8029-016772F68D0F}
	EndProjectSection
EndProject
Project("{FAE04EC0-301F-11D3-BF4B-00C04F79EFBC}") = "AnotherTestPlugin", "AnotherTestPlugin\AnotherTestPlugin.csproj", "{3803485B-E9C3-48FC-B081-9408AA2EA858}"
EndProject
Project("{FAE04EC0-301F-11D3-BF4B-00C04F79EFBC}") = "CryptoUnitTests", "CryptoUnitTests\CryptoUnitTests.csproj", "{CF451639-5842-494B-AB37-BD81E35A73CF}"
EndProject
Project("{FAE04EC0-301F-11D3-BF4B-00C04F79EFBC}") = "FrameWorkUnitTests", "FrameWorkUnitTests\FrameWorkUnitTests.csproj", "{D3461732-8B83-46D2-BD09-A0DD18534963}"
EndProject
Project("{FAE04EC0-301F-11D3-BF4B-00C04F79EFBC}") = "Downloader", "Downloader\Downloader.csproj", "{A3E74CEE-EBBD-430B-AB36-7C16756071B0}"
	ProjectSection(ProjectDependencies) = postProject
		{10FDD8D5-489C-4BA4-8029-016772F68D0F} = {10FDD8D5-489C-4BA4-8029-016772F68D0F}
	EndProjectSection
EndProject
Project("{FAE04EC0-301F-11D3-BF4B-00C04F79EFBC}") = "DownloaderUnitTests", "DownloaderUnitTests\DownloaderUnitTests.csproj", "{7D8B3512-75A8-4D34-B08E-9720A352BA04}"
EndProject
Global
	GlobalSection(SolutionConfigurationPlatforms) = preSolution
		Debug|Any CPU = Debug|Any CPU
		Debug|Mixed Platforms = Debug|Mixed Platforms
		Debug|x86 = Debug|x86
		Release|Any CPU = Release|Any CPU
		Release|Mixed Platforms = Release|Mixed Platforms
		Release|x86 = Release|x86
	EndGlobalSection
	GlobalSection(ProjectConfigurationPlatforms) = postSolution
		{186E8352-1E23-4700-9D36-848B80209F6B}.Debug|Any CPU.ActiveCfg = Debug|Any CPU
		{186E8352-1E23-4700-9D36-848B80209F6B}.Debug|Any CPU.Build.0 = Debug|Any CPU
		{186E8352-1E23-4700-9D36-848B80209F6B}.Debug|Mixed Platforms.ActiveCfg = Debug|Any CPU
		{186E8352-1E23-4700-9D36-848B80209F6B}.Debug|x86.ActiveCfg = Debug|Any CPU
		{186E8352-1E23-4700-9D36-848B80209F6B}.Release|Any CPU.ActiveCfg = Release|Any CPU
		{186E8352-1E23-4700-9D36-848B80209F6B}.Release|Any CPU.Build.0 = Release|Any CPU
		{186E8352-1E23-4700-9D36-848B80209F6B}.Release|Mixed Platforms.ActiveCfg = Release|Any CPU
		{186E8352-1E23-4700-9D36-848B80209F6B}.Release|x86.ActiveCfg = Release|Any CPU
		{10FDD8D5-489C-4BA4-8029-016772F68D0F}.Debug|Any CPU.ActiveCfg = Debug|Any CPU
		{10FDD8D5-489C-4BA4-8029-016772F68D0F}.Debug|Any CPU.Build.0 = Debug|Any CPU
		{10FDD8D5-489C-4BA4-8029-016772F68D0F}.Debug|Mixed Platforms.ActiveCfg = Debug|Any CPU
		{10FDD8D5-489C-4BA4-8029-016772F68D0F}.Debug|x86.ActiveCfg = Debug|Any CPU
		{10FDD8D5-489C-4BA4-8029-016772F68D0F}.Release|Any CPU.ActiveCfg = Release|Any CPU
		{10FDD8D5-489C-4BA4-8029-016772F68D0F}.Release|Any CPU.Build.0 = Release|Any CPU
		{10FDD8D5-489C-4BA4-8029-016772F68D0F}.Release|Mixed Platforms.ActiveCfg = Release|Any CPU
		{10FDD8D5-489C-4BA4-8029-016772F68D0F}.Release|x86.ActiveCfg = Release|Any CPU
		{85EAE99C-1ED3-4A6D-878A-633F3AE30523}.Debug|Any CPU.ActiveCfg = Debug|Any CPU
		{85EAE99C-1ED3-4A6D-878A-633F3AE30523}.Debug|Any CPU.Build.0 = Debug|Any CPU
		{85EAE99C-1ED3-4A6D-878A-633F3AE30523}.Debug|Mixed Platforms.ActiveCfg = Debug|Any CPU
		{85EAE99C-1ED3-4A6D-878A-633F3AE30523}.Debug|x86.ActiveCfg = Debug|Any CPU
		{85EAE99C-1ED3-4A6D-878A-633F3AE30523}.Release|Any CPU.ActiveCfg = Release|Any CPU
		{85EAE99C-1ED3-4A6D-878A-633F3AE30523}.Release|Any CPU.Build.0 = Release|Any CPU
		{85EAE99C-1ED3-4A6D-878A-633F3AE30523}.Release|Mixed Platforms.ActiveCfg = Release|Any CPU
		{85EAE99C-1ED3-4A6D-878A-633F3AE30523}.Release|x86.ActiveCfg = Release|Any CPU
		{F29E272D-FF6F-4506-897B-6EF4C5DFC106}.Debug|Any CPU.ActiveCfg = Debug|Any CPU
		{F29E272D-FF6F-4506-897B-6EF4C5DFC106}.Debug|Any CPU.Build.0 = Debug|Any CPU
		{F29E272D-FF6F-4506-897B-6EF4C5DFC106}.Debug|Mixed Platforms.ActiveCfg = Debug|Any CPU
		{F29E272D-FF6F-4506-897B-6EF4C5DFC106}.Debug|x86.ActiveCfg = Debug|Any CPU
		{F29E272D-FF6F-4506-897B-6EF4C5DFC106}.Release|Any CPU.ActiveCfg = Release|Any CPU
		{F29E272D-FF6F-4506-897B-6EF4C5DFC106}.Release|Any CPU.Build.0 = Release|Any CPU
		{F29E272D-FF6F-4506-897B-6EF4C5DFC106}.Release|Mixed Platforms.ActiveCfg = Release|Any CPU
		{F29E272D-FF6F-4506-897B-6EF4C5DFC106}.Release|x86.ActiveCfg = Release|Any CPU
		{3803485B-E9C3-48FC-B081-9408AA2EA858}.Debug|Any CPU.ActiveCfg = Debug|Any CPU
		{3803485B-E9C3-48FC-B081-9408AA2EA858}.Debug|Any CPU.Build.0 = Debug|Any CPU
		{3803485B-E9C3-48FC-B081-9408AA2EA858}.Debug|Mixed Platforms.ActiveCfg = Debug|Any CPU
		{3803485B-E9C3-48FC-B081-9408AA2EA858}.Debug|x86.ActiveCfg = Debug|Any CPU
		{3803485B-E9C3-48FC-B081-9408AA2EA858}.Release|Any CPU.ActiveCfg = Release|Any CPU
		{3803485B-E9C3-48FC-B081-9408AA2EA858}.Release|Any CPU.Build.0 = Release|Any CPU
		{3803485B-E9C3-48FC-B081-9408AA2EA858}.Release|Mixed Platforms.ActiveCfg = Release|Any CPU
		{3803485B-E9C3-48FC-B081-9408AA2EA858}.Release|x86.ActiveCfg = Release|Any CPU
		{CF451639-5842-494B-AB37-BD81E35A73CF}.Debug|Any CPU.ActiveCfg = Debug|Any CPU
		{CF451639-5842-494B-AB37-BD81E35A73CF}.Debug|Any CPU.Build.0 = Debug|Any CPU
		{CF451639-5842-494B-AB37-BD81E35A73CF}.Debug|Mixed Platforms.ActiveCfg = Debug|Any CPU
		{CF451639-5842-494B-AB37-BD81E35A73CF}.Debug|Mixed Platforms.Build.0 = Debug|Any CPU
		{CF451639-5842-494B-AB37-BD81E35A73CF}.Debug|x86.ActiveCfg = Debug|Any CPU
		{CF451639-5842-494B-AB37-BD81E35A73CF}.Debug|x86.Build.0 = Debug|Any CPU
		{CF451639-5842-494B-AB37-BD81E35A73CF}.Release|Any CPU.ActiveCfg = Release|Any CPU
		{CF451639-5842-494B-AB37-BD81E35A73CF}.Release|Any CPU.Build.0 = Release|Any CPU
		{CF451639-5842-494B-AB37-BD81E35A73CF}.Release|Mixed Platforms.ActiveCfg = Release|Any CPU
		{CF451639-5842-494B-AB37-BD81E35A73CF}.Release|Mixed Platforms.Build.0 = Release|Any CPU
		{CF451639-5842-494B-AB37-BD81E35A73CF}.Release|x86.ActiveCfg = Release|Any CPU
		{CF451639-5842-494B-AB37-BD81E35A73CF}.Release|x86.Build.0 = Release|Any CPU
		{D3461732-8B83-46D2-BD09-A0DD18534963}.Debug|Any CPU.ActiveCfg = Debug|Any CPU
		{D3461732-8B83-46D2-BD09-A0DD18534963}.Debug|Any CPU.Build.0 = Debug|Any CPU
		{D3461732-8B83-46D2-BD09-A0DD18534963}.Debug|Mixed Platforms.ActiveCfg = Debug|Any CPU
		{D3461732-8B83-46D2-BD09-A0DD18534963}.Debug|Mixed Platforms.Build.0 = Debug|Any CPU
		{D3461732-8B83-46D2-BD09-A0DD18534963}.Debug|x86.ActiveCfg = Debug|Any CPU
		{D3461732-8B83-46D2-BD09-A0DD18534963}.Debug|x86.Build.0 = Debug|Any CPU
		{D3461732-8B83-46D2-BD09-A0DD18534963}.Release|Any CPU.ActiveCfg = Release|Any CPU
		{D3461732-8B83-46D2-BD09-A0DD18534963}.Release|Any CPU.Build.0 = Release|Any CPU
		{D3461732-8B83-46D2-BD09-A0DD18534963}.Release|Mixed Platforms.ActiveCfg = Release|Any CPU
		{D3461732-8B83-46D2-BD09-A0DD18534963}.Release|Mixed Platforms.Build.0 = Release|Any CPU
		{D3461732-8B83-46D2-BD09-A0DD18534963}.Release|x86.ActiveCfg = Release|Any CPU
		{D3461732-8B83-46D2-BD09-A0DD18534963}.Release|x86.Build.0 = Release|Any CPU
		{A3E74CEE-EBBD-430B-AB36-7C16756071B0}.Debug|Any CPU.ActiveCfg = Debug|Any CPU
		{A3E74CEE-EBBD-430B-AB36-7C16756071B0}.Debug|Any CPU.Build.0 = Debug|Any CPU
		{A3E74CEE-EBBD-430B-AB36-7C16756071B0}.Debug|Mixed Platforms.ActiveCfg = Debug|Any CPU
		{A3E74CEE-EBBD-430B-AB36-7C16756071B0}.Debug|Mixed Platforms.Build.0 = Debug|Any CPU
		{A3E74CEE-EBBD-430B-AB36-7C16756071B0}.Debug|x86.ActiveCfg = Debug|Any CPU
		{A3E74CEE-EBBD-430B-AB36-7C16756071B0}.Debug|x86.Build.0 = Debug|Any CPU
		{A3E74CEE-EBBD-430B-AB36-7C16756071B0}.Release|Any CPU.ActiveCfg = Release|Any CPU
		{A3E74CEE-EBBD-430B-AB36-7C16756071B0}.Release|Any CPU.Build.0 = Release|Any CPU
		{A3E74CEE-EBBD-430B-AB36-7C16756071B0}.Release|Mixed Platforms.ActiveCfg = Release|Any CPU
		{A3E74CEE-EBBD-430B-AB36-7C16756071B0}.Release|Mixed Platforms.Build.0 = Release|Any CPU
		{A3E74CEE-EBBD-430B-AB36-7C16756071B0}.Release|x86.ActiveCfg = Release|Any CPU
		{A3E74CEE-EBBD-430B-AB36-7C16756071B0}.Release|x86.Build.0 = Release|Any CPU
		{7D8B3512-75A8-4D34-B08E-9720A352BA04}.Debug|Any CPU.ActiveCfg = Debug|Any CPU
		{7D8B3512-75A8-4D34-B08E-9720A352BA04}.Debug|Any CPU.Build.0 = Debug|Any CPU
		{7D8B3512-75A8-4D34-B08E-9720A352BA04}.Debug|Mixed Platforms.ActiveCfg = Debug|Any CPU
		{7D8B3512-75A8-4D34-B08E-9720A352BA04}.Debug|Mixed Platforms.Build.0 = Debug|Any CPU
		{7D8B3512-75A8-4D34-B08E-9720A352BA04}.Debug|x86.ActiveCfg = Debug|Any CPU
		{7D8B3512-75A8-4D34-B08E-9720A352BA04}.Debug|x86.Build.0 = Debug|Any CPU
		{7D8B3512-75A8-4D34-B08E-9720A352BA04}.Release|Any CPU.ActiveCfg = Release|Any CPU
		{7D8B3512-75A8-4D34-B08E-9720A352BA04}.Release|Any CPU.Build.0 = Release|Any CPU
		{7D8B3512-75A8-4D34-B08E-9720A352BA04}.Release|Mixed Platforms.ActiveCfg = Release|Any CPU
		{7D8B3512-75A8-4D34-B08E-9720A352BA04}.Release|Mixed Platforms.Build.0 = Release|Any CPU
		{7D8B3512-75A8-4D34-B08E-9720A352BA04}.Release|x86.ActiveCfg = Release|Any CPU
		{7D8B3512-75A8-4D34-B08E-9720A352BA04}.Release|x86.Build.0 = Release|Any CPU
	EndGlobalSection
	GlobalSection(SolutionProperties) = preSolution
		HideSolutionNode = FALSE
	EndGlobalSection
	GlobalSection(ExtensibilityGlobals) = postSolution
		SolutionGuid = {7C0C0CFC-C534-4552-A2AA-6A7E5EC045C7}
	EndGlobalSection
EndGlobal
